
Microsoft Visual Studio Solution File, Format Version 12.00
# Visual Studio 15
VisualStudioVersion = 15.0.27703.2026
MinimumVisualStudioVersion = 10.0.40219.1
Project("{8BC9CEB8-8B4A-11D0-8D11-00A0C91BC942}") = "rba_unittest", "rba_unittest\rba_unittest.vcxproj", "{327DDFD5-F313-49C3-883B-72AB28DC3F76}"
EndProject
Project("{8BC9CEB8-8B4A-11D0-8D11-00A0C91BC942}") = "rba", "..\..\..\project\msvc\rba\rba.vcxproj", "{4C711A76-D47F-4E7A-A833-5068E79C76B3}"
EndProject
Project("{8BC9CEB8-8B4A-11D0-8D11-00A0C91BC942}") = "gtest-md", "..\..\googletest\googletest\msvc\2010\gtest-md.vcxproj", "{C8F6C172-56F2-4E76-B5FA-C3B423B31BE8}"
EndProject
Global
	GlobalSection(SolutionConfigurationPlatforms) = preSolution
		Debug|x64 = Debug|x64
		Debug|x86 = Debug|x86
		Release|x64 = Release|x64
		Release|x86 = Release|x86
	EndGlobalSection
	GlobalSection(ProjectConfigurationPlatforms) = postSolution
		{327DDFD5-F313-49C3-883B-72AB28DC3F76}.Debug|x64.ActiveCfg = Debug|x64
		{327DDFD5-F313-49C3-883B-72AB28DC3F76}.Debug|x64.Build.0 = Debug|x64
		{327DDFD5-F313-49C3-883B-72AB28DC3F76}.Debug|x86.ActiveCfg = Debug|Win32
		{327DDFD5-F313-49C3-883B-72AB28DC3F76}.Debug|x86.Build.0 = Debug|Win32
		{327DDFD5-F313-49C3-883B-72AB28DC3F76}.Release|x64.ActiveCfg = Release|x64
		{327DDFD5-F313-49C3-883B-72AB28DC3F76}.Release|x64.Build.0 = Release|x64
		{327DDFD5-F313-49C3-883B-72AB28DC3F76}.Release|x86.ActiveCfg = Release|Win32
		{327DDFD5-F313-49C3-883B-72AB28DC3F76}.Release|x86.Build.0 = Release|Win32
		{4C711A76-D47F-4E7A-A833-5068E79C76B3}.Debug|x64.ActiveCfg = Debug|x64
		{4C711A76-D47F-4E7A-A833-5068E79C76B3}.Debug|x64.Build.0 = Debug|x64
		{4C711A76-D47F-4E7A-A833-5068E79C76B3}.Debug|x86.ActiveCfg = Debug|Win32
		{4C711A76-D47F-4E7A-A833-5068E79C76B3}.Debug|x86.Build.0 = Debug|Win32
		{4C711A76-D47F-4E7A-A833-5068E79C76B3}.Release|x64.ActiveCfg = Release|x64
		{4C711A76-D47F-4E7A-A833-5068E79C76B3}.Release|x64.Build.0 = Release|x64
		{4C711A76-D47F-4E7A-A833-5068E79C76B3}.Release|x86.ActiveCfg = Release|Win32
		{4C711A76-D47F-4E7A-A833-5068E79C76B3}.Release|x86.Build.0 = Release|Win32
		{C8F6C172-56F2-4E76-B5FA-C3B423B31BE8}.Debug|x64.ActiveCfg = Debug|x64
		{C8F6C172-56F2-4E76-B5FA-C3B423B31BE8}.Debug|x64.Build.0 = Debug|x64
		{C8F6C172-56F2-4E76-B5FA-C3B423B31BE8}.Debug|x86.ActiveCfg = Debug|Win32
		{C8F6C172-56F2-4E76-B5FA-C3B423B31BE8}.Debug|x86.Build.0 = Debug|Win32
		{C8F6C172-56F2-4E76-B5FA-C3B423B31BE8}.Release|x64.ActiveCfg = Release|x64
		{C8F6C172-56F2-4E76-B5FA-C3B423B31BE8}.Release|x64.Build.0 = Release|x64
		{C8F6C172-56F2-4E76-B5FA-C3B423B31BE8}.Release|x86.ActiveCfg = Release|Win32
		{C8F6C172-56F2-4E76-B5FA-C3B423B31BE8}.Release|x86.Build.0 = Release|Win32
	EndGlobalSection
	GlobalSection(SolutionProperties) = preSolution
		HideSolutionNode = FALSE
	EndGlobalSection
	GlobalSection(ExtensibilityGlobals) = postSolution
		SolutionGuid = {046B8AB5-B471-4536-B3B9-7338F2723B74}
	EndGlobalSection
EndGlobal
