<?xml version="1.0" encoding="utf-8"?>
<Project ToolsVersion="4.0" xmlns="http://schemas.microsoft.com/developer/msbuild/2003">
  <ItemGroup>
    <Filter Include="ソース ファイル">
      <UniqueIdentifier>{4FC737F1-C7A5-4376-A066-2A32D752A2FF}</UniqueIdentifier>
      <Extensions>cpp;c;cc;cxx;def;odl;idl;hpj;bat;asm;asmx</Extensions>
    </Filter>
    <Filter Include="ヘッダー ファイル">
      <UniqueIdentifier>{93995380-89BD-4b04-88EB-625FBE52EBFB}</UniqueIdentifier>
      <Extensions>h;hh;hpp;hxx;hm;inl;inc;ipp;xsd</Extensions>
    </Filter>
    <Filter Include="リソース ファイル">
      <UniqueIdentifier>{67DA6AB6-F800-4c08-8B7A-83BB121AAD01}</UniqueIdentifier>
      <Extensions>rc;ico;cur;bmp;dlg;rc2;rct;bin;rgs;gif;jpg;jpeg;jpe;resx;tiff;tif;png;wav;mfcribbon-ms</Extensions>
    </Filter>
  </ItemGroup>
  <ItemGroup>
    <ClInclude Include="stdafx.h">
      <Filter>ヘッダー ファイル</Filter>
    </ClInclude>
    <ClInclude Include="targetver.h">
      <Filter>ヘッダー ファイル</Filter>
    </ClInclude>
  </ItemGroup>
  <ItemGroup>
    <ClCompile Include="stdafx.cpp">
      <Filter>ソース ファイル</Filter>
    </ClCompile>
    <ClCompile Include="rba_unittest.cpp">
      <Filter>ソース ファイル</Filter>
    </ClCompile>
    <ClCompile Include="..\..\..\main.cpp">
      <Filter>ソース ファイル</Filter>
    </ClCompile>
    <ClCompile Include="..\..\..\gen\src\TestView_reArbitration_Sound.cpp">
      <Filter>ソース ファイル</Filter>
    </ClCompile>
    <ClCompile Include="..\..\..\gen\src\Ext_TestaffectedArea_reAllocate_singleAllocatable_byAreaOperator.cpp">
      <Filter>ソース ファイル</Filter>
    </ClCompile>
    <ClCompile Include="..\..\..\gen\src\HA458_setContentState.cpp">
      <Filter>ソース ファイル</Filter>
    </ClCompile>
    <ClCompile Include="..\..\..\gen\src\HA459_evaluate.cpp">
      <Filter>ソース ファイル</Filter>
    </ClCompile>
    <ClCompile Include="..\..\..\gen\src\HA462_SimulationMode.cpp">
      <Filter>ソース ファイル</Filter>
    </ClCompile>
    <ClCompile Include="..\..\..\gen\src\TestaffectedArea_cancelAttenuated_singleAllocatable_bySoundOperator.cpp">
      <Filter>ソース ファイル</Filter>
    </ClCompile>
    <ClCompile Include="..\..\..\gen\src\TestaffectedArea_cancelAttenuated_singleAllocatable_byZoneOperator.cpp">
      <Filter>ソース ファイル</Filter>
    </ClCompile>
    <ClCompile Include="..\..\..\gen\src\TestaffectedArea_cancelHidden_singleAllocatable_byAreaOperator.cpp">
      <Filter>ソース ファイル</Filter>
    </ClCompile>
    <ClCompile Include="..\..\..\gen\src\TestaffectedArea_cancelHidden_singleAllocatable_byContentOperator.cpp">
      <Filter>ソース ファイル</Filter>
    </ClCompile>
    <ClCompile Include="..\..\..\gen\src\TestaffectedArea_cancelHidden_singleAllocatable_byHidden.cpp">
      <Filter>ソース ファイル</Filter>
    </ClCompile>
    <ClCompile Include="..\..\..\gen\src\TestaffectedArea_isAttenuated_multiAllocatable_cycleAffect.cpp">
      <Filter>ソース ファイル</Filter>
    </ClCompile>
    <ClCompile Include="..\..\..\gen\src\TestaffectedArea_isHidden_multiAllocatable_cycleAffect.cpp">
      <Filter>ソース ファイル</Filter>
    </ClCompile>
    <ClCompile Include="..\..\..\gen\src\TestaffectedArea_isMuted_multiAllocatable_cycleAffect.cpp">
      <Filter>ソース ファイル</Filter>
    </ClCompile>
    <ClCompile Include="..\..\..\gen\src\TestaffectedArea_reAllocate_multiAllocatable_AND_AND.cpp">
      <Filter>ソース ファイル</Filter>
    </ClCompile>
    <ClCompile Include="..\..\..\gen\src\TestaffectedArea_reAllocate_multiAllocatable_AND_OR.cpp">
      <Filter>ソース ファイル</Filter>
    </ClCompile>
    <ClCompile Include="..\..\..\gen\src\TestaffectedArea_reAllocate_multiAllocatable_OR_AND.cpp">
      <Filter>ソース ファイル</Filter>
    </ClCompile>
    <ClCompile Include="..\..\..\gen\src\TestaffectedArea_reAllocate_multiAllocatable_OR_OR.cpp">
      <Filter>ソース ファイル</Filter>
    </ClCompile>
    <ClCompile Include="..\..\..\gen\src\TestaffectedArea_reAllocate_singleAllocatable_byAreaOperator.cpp">
      <Filter>ソース ファイル</Filter>
    </ClCompile>
    <ClCompile Include="..\..\..\gen\src\TestaffectedArea_reAllocate_singleAllocatable_byContentOperator.cpp">
      <Filter>ソース ファイル</Filter>
    </ClCompile>
    <ClCompile Include="..\..\..\gen\src\TestaffectedArea_reAllocate_singleAllocatable_chainConstraints.cpp">
      <Filter>ソース ファイル</Filter>
    </ClCompile>
    <ClCompile Include="..\..\..\gen\src\TestaffectedArea_reAllocate_singleAllocatable_cycleConstraints_highArea_lowContent.cpp">
      <Filter>ソース ファイル</Filter>
    </ClCompile>
    <ClCompile Include="..\..\..\gen\src\TestaffectedArea_reAllocate_singleAllocatable_cycleConstraints_highContent_lowArea.cpp">
      <Filter>ソース ファイル</Filter>
    </ClCompile>
    <ClCompile Include="..\..\..\gen\src\TestaffectedArea_reAllocate_singleAllocatable_multiConstraints.cpp">
      <Filter>ソース ファイル</Filter>
    </ClCompile>
    <ClCompile Include="..\..\..\gen\src\TestaffectedArea_rollback_repeat_singleAllocatable.cpp">
      <Filter>ソース ファイル</Filter>
    </ClCompile>
    <ClCompile Include="..\..\..\gen\src\TestaffectedArea_rollback_singleAllocatable.cpp">
      <Filter>ソース ファイル</Filter>
    </ClCompile>
    <ClCompile Include="..\..\..\gen\src\TestAllInstanceOfArea.cpp">
      <Filter>ソース ファイル</Filter>
    </ClCompile>
    <ClCompile Include="..\..\..\gen\src\TestAllInstanceOfContent.cpp">
      <Filter>ソース ファイル</Filter>
    </ClCompile>
    <ClCompile Include="..\..\..\gen\src\TestAllInstanceOfSoundContent.cpp">
      <Filter>ソース ファイル</Filter>
    </ClCompile>
    <ClCompile Include="..\..\..\gen\src\TestAllInstanceOfZone.cpp">
      <Filter>ソース ファイル</Filter>
    </ClCompile>
    <ClCompile Include="..\..\..\gen\src\TestAllocatedContent.cpp">
      <Filter>ソース ファイル</Filter>
    </ClCompile>
    <ClCompile Include="..\..\..\gen\src\TestAllocatedContent_Defeats.cpp">
      <Filter>ソース ファイル</Filter>
    </ClCompile>
    <ClCompile Include="..\..\..\gen\src\TestAllocatedContent_isActive.cpp">
      <Filter>ソース ファイル</Filter>
    </ClCompile>
    <ClCompile Include="..\..\..\gen\src\TestAllocatedContent_IsDefeatedBy.cpp">
      <Filter>ソース ファイル</Filter>
    </ClCompile>
    <ClCompile Include="..\..\..\gen\src\TestAllocatedContent_IsDisappeared_IsCanceled.cpp">
      <Filter>ソース ファイル</Filter>
    </ClCompile>
    <ClCompile Include="..\..\..\gen\src\TestAllocatedContent_IsSounding.cpp">
      <Filter>ソース ファイル</Filter>
    </ClCompile>
    <ClCompile Include="..\..\..\gen\src\TestAllocatedContent_IsVisible.cpp">
      <Filter>ソース ファイル</Filter>
    </ClCompile>
    <ClCompile Include="..\..\..\gen\src\TestAllocatedContent_Sound_.cpp">
      <Filter>ソース ファイル</Filter>
    </ClCompile>
    <ClCompile Include="..\..\..\gen\src\TestAndOperator.cpp">
      <Filter>ソース ファイル</Filter>
    </ClCompile>
    <ClCompile Include="..\..\..\gen\src\TestArbitrationPolicy_FirstComeFirst.cpp">
      <Filter>ソース ファイル</Filter>
    </ClCompile>
    <ClCompile Include="..\..\..\gen\src\TestArbitrationPolicy_FirstComeFirst_Zone_.cpp">
      <Filter>ソース ファイル</Filter>
    </ClCompile>
    <ClCompile Include="..\..\..\gen\src\TestArbitrationPolicy_LastComeFirst.cpp">
      <Filter>ソース ファイル</Filter>
    </ClCompile>
    <ClCompile Include="..\..\..\gen\src\TestArbitrationPolicy_LastComeFirst_Zone_.cpp">
      <Filter>ソース ファイル</Filter>
    </ClCompile>
    <ClCompile Include="..\..\..\gen\src\TestArbitrationPolicy_PriorityFirstComeFirst.cpp">
      <Filter>ソース ファイル</Filter>
    </ClCompile>
    <ClCompile Include="..\..\..\gen\src\TestArbitrationPolicy_PriorityFirstComeFirst_Zone_.cpp">
      <Filter>ソース ファイル</Filter>
    </ClCompile>
    <ClCompile Include="..\..\..\gen\src\TestArbitrationPolicy_PriorityLastComeFirst.cpp">
      <Filter>ソース ファイル</Filter>
    </ClCompile>
    <ClCompile Include="..\..\..\gen\src\TestArbitrationPolicy_PriorityLastComeFirst_Zone_.cpp">
      <Filter>ソース ファイル</Filter>
    </ClCompile>
    <ClCompile Include="..\..\..\gen\src\TestAreaPositionOffset.cpp">
      <Filter>ソース ファイル</Filter>
    </ClCompile>
    <ClCompile Include="..\..\..\gen\src\TestAreaWithNoContents.cpp">
      <Filter>ソース ファイル</Filter>
    </ClCompile>
    <ClCompile Include="..\..\..\gen\src\TestCancelArbitration.cpp">
      <Filter>ソース ファイル</Filter>
    </ClCompile>
    <ClCompile Include="..\..\..\gen\src\TestContentValue_Sound_.cpp">
      <Filter>ソース ファイル</Filter>
    </ClCompile>
    <ClCompile Include="..\..\..\gen\src\TestDisplayingContent.cpp">
      <Filter>ソース ファイル</Filter>
    </ClCompile>
    <ClCompile Include="..\..\..\gen\src\TestDisplayingContent_Defeats.cpp">
      <Filter>ソース ファイル</Filter>
    </ClCompile>
    <ClCompile Include="..\..\..\gen\src\TestDisplayingContent_isActive.cpp">
      <Filter>ソース ファイル</Filter>
    </ClCompile>
    <ClCompile Include="..\..\..\gen\src\TestDisplayingContent_IsDefeatedBy.cpp">
      <Filter>ソース ファイル</Filter>
    </ClCompile>
    <ClCompile Include="..\..\..\gen\src\TestDisplayingContent_IsDisappeared_IsCanceled.cpp">
      <Filter>ソース ファイル</Filter>
    </ClCompile>
    <ClCompile Include="..\..\..\gen\src\TestDisplayingContent_IsVisible.cpp">
      <Filter>ソース ファイル</Filter>
    </ClCompile>
    <ClCompile Include="..\..\..\gen\src\TestExistsOperator.cpp">
      <Filter>ソース ファイル</Filter>
    </ClCompile>
    <ClCompile Include="..\..\..\gen\src\TestExistsOperator_include_ForAllOperator.cpp">
      <Filter>ソース ファイル</Filter>
    </ClCompile>
    <ClCompile Include="..\..\..\gen\src\TestFirstComeFirstArbitration.cpp">
      <Filter>ソース ファイル</Filter>
    </ClCompile>
    <ClCompile Include="..\..\..\gen\src\TestForAllOperator.cpp">
      <Filter>ソース ファイル</Filter>
    </ClCompile>
    <ClCompile Include="..\..\..\gen\src\TestForAllOperator_include_ExistsOperator.cpp">
      <Filter>ソース ファイル</Filter>
    </ClCompile>
    <ClCompile Include="..\..\..\gen\src\TestGetAllocatables.cpp">
      <Filter>ソース ファイル</Filter>
    </ClCompile>
    <ClCompile Include="..\..\..\gen\src\TestGetAllocatables_Set.cpp">
      <Filter>ソース ファイル</Filter>
    </ClCompile>
    <ClCompile Include="..\..\..\gen\src\TestGetAllocatables_Sound_.cpp">
      <Filter>ソース ファイル</Filter>
    </ClCompile>
    <ClCompile Include="..\..\..\gen\src\TestGetContentsList.cpp">
      <Filter>ソース ファイル</Filter>
    </ClCompile>
    <ClCompile Include="..\..\..\gen\src\TestGetContentsList_Set.cpp">
      <Filter>ソース ファイル</Filter>
    </ClCompile>
    <ClCompile Include="..\..\..\gen\src\TestGetContentsList_Sound_.cpp">
      <Filter>ソース ファイル</Filter>
    </ClCompile>
    <ClCompile Include="..\..\..\gen\src\HA554_bugfix.cpp">
      <Filter>ソース ファイル</Filter>
    </ClCompile>
    <ClCompile Include="..\..\..\gen\src\TestIfStatement_Boolean.cpp">
      <Filter>ソース ファイル</Filter>
    </ClCompile>
    <ClCompile Include="..\..\..\gen\src\TestIfStatement_Implies_rearbitration.cpp">
      <Filter>ソース ファイル</Filter>
    </ClCompile>
    <ClCompile Include="..\..\..\gen\src\TestIfStatement_rearbitration.cpp">
      <Filter>ソース ファイル</Filter>
    </ClCompile>
    <ClCompile Include="..\..\..\gen\src\TestIfStatement_rearbitration_IsEqualToOperator.cpp">
      <Filter>ソース ファイル</Filter>
    </ClCompile>
    <ClCompile Include="..\..\..\gen\src\TestIfStatement_rearbitration_IsGreaterThanEqualOperator.cpp">
      <Filter>ソース ファイル</Filter>
    </ClCompile>
    <ClCompile Include="..\..\..\gen\src\TestIfStatement_rearbitration_IsGreaterThanOperator.cpp">
      <Filter>ソース ファイル</Filter>
    </ClCompile>
    <ClCompile Include="..\..\..\gen\src\TestIfStatement_rearbitration_IsLowerThanEqualOperator.cpp">
      <Filter>ソース ファイル</Filter>
    </ClCompile>
    <ClCompile Include="..\..\..\gen\src\TestIfStatement_rearbitration_IsLowerThanOperator.cpp">
      <Filter>ソース ファイル</Filter>
    </ClCompile>
    <ClCompile Include="..\..\..\gen\src\TestIfStatement_SetOfArea.cpp">
      <Filter>ソース ファイル</Filter>
    </ClCompile>
    <ClCompile Include="..\..\..\gen\src\TestIfStatement_SetOfContent.cpp">
      <Filter>ソース ファイル</Filter>
    </ClCompile>
    <ClCompile Include="..\..\..\gen\src\TestIfStatement_SetOfSoundContent.cpp">
      <Filter>ソース ファイル</Filter>
    </ClCompile>
    <ClCompile Include="..\..\..\gen\src\TestIfStatement_SetOfZone.cpp">
      <Filter>ソース ファイル</Filter>
    </ClCompile>
    <ClCompile Include="..\..\..\gen\src\TestImplies_AND_Area_High_and_LowToMiddle.cpp">
      <Filter>ソース ファイル</Filter>
    </ClCompile>
    <ClCompile Include="..\..\..\gen\src\TestImplies_AND_Area_High_and_MiddleToLow.cpp">
      <Filter>ソース ファイル</Filter>
    </ClCompile>
    <ClCompile Include="..\..\..\gen\src\TestImplies_AND_Area_HighToMiddle_and_Low.cpp">
      <Filter>ソース ファイル</Filter>
    </ClCompile>
    <ClCompile Include="..\..\..\gen\src\TestImplies_AND_Area_LowToHigh_and_Middle.cpp">
      <Filter>ソース ファイル</Filter>
    </ClCompile>
    <ClCompile Include="..\..\..\gen\src\TestImplies_AND_Area_Middle_and_LowToHigh.cpp">
      <Filter>ソース ファイル</Filter>
    </ClCompile>
    <ClCompile Include="..\..\..\gen\src\TestImplies_AND_Area_MiddleToHigh_and_Low.cpp">
      <Filter>ソース ファイル</Filter>
    </ClCompile>
    <ClCompile Include="..\..\..\gen\src\TestImplies_Area_HighToLow.cpp">
      <Filter>ソース ファイル</Filter>
    </ClCompile>
    <ClCompile Include="..\..\..\gen\src\TestImplies_Area_HighToLow_Content_.cpp">
      <Filter>ソース ファイル</Filter>
    </ClCompile>
    <ClCompile Include="..\..\..\gen\src\TestImplies_Area_LowToHigh.cpp">
      <Filter>ソース ファイル</Filter>
    </ClCompile>
    <ClCompile Include="..\..\..\gen\src\TestImplies_Area_LowToHigh_Content_.cpp">
      <Filter>ソース ファイル</Filter>
    </ClCompile>
    <ClCompile Include="..\..\..\gen\src\TestImplies_Chain_Area_HighToLowToMiddle.cpp">
      <Filter>ソース ファイル</Filter>
    </ClCompile>
    <ClCompile Include="..\..\..\gen\src\TestImplies_Chain_Area_HighToMiddleToLow.cpp">
      <Filter>ソース ファイル</Filter>
    </ClCompile>
    <ClCompile Include="..\..\..\gen\src\TestImplies_Chain_Area_LowToHighToMiddle.cpp">
      <Filter>ソース ファイル</Filter>
    </ClCompile>
    <ClCompile Include="..\..\..\gen\src\TestImplies_Chain_Area_LowToMiddleToHigh.cpp">
      <Filter>ソース ファイル</Filter>
    </ClCompile>
    <ClCompile Include="..\..\..\gen\src\TestImplies_Chain_Area_MiddleToHighToLow.cpp">
      <Filter>ソース ファイル</Filter>
    </ClCompile>
    <ClCompile Include="..\..\..\gen\src\TestImplies_Chain_Area_MiddleToLowToHigh.cpp">
      <Filter>ソース ファイル</Filter>
    </ClCompile>
    <ClCompile Include="..\..\..\gen\src\TestImplies_Chain_Content_HighToLowToMiddle.cpp">
      <Filter>ソース ファイル</Filter>
    </ClCompile>
    <ClCompile Include="..\..\..\gen\src\TestImplies_Chain_Content_HighToMiddleToLow.cpp">
      <Filter>ソース ファイル</Filter>
    </ClCompile>
    <ClCompile Include="..\..\..\gen\src\TestImplies_Chain_Content_LowToHighToMiddle.cpp">
      <Filter>ソース ファイル</Filter>
    </ClCompile>
    <ClCompile Include="..\..\..\gen\src\TestImplies_Chain_Content_LowToMiddleToHigh.cpp">
      <Filter>ソース ファイル</Filter>
    </ClCompile>
    <ClCompile Include="..\..\..\gen\src\TestImplies_Chain_Content_MiddleToHighToLow.cpp">
      <Filter>ソース ファイル</Filter>
    </ClCompile>
    <ClCompile Include="..\..\..\gen\src\TestImplies_Chain_Content_MiddleToLowToHigh.cpp">
      <Filter>ソース ファイル</Filter>
    </ClCompile>
    <ClCompile Include="..\..\..\gen\src\TestImplies_Chain_High_Area_ToLow_Content_ToMiddle_Content_.cpp">
      <Filter>ソース ファイル</Filter>
    </ClCompile>
    <ClCompile Include="..\..\..\gen\src\TestImplies_Chain_High_Area_ToMiddle_Content_ToLow_Content_.cpp">
      <Filter>ソース ファイル</Filter>
    </ClCompile>
    <ClCompile Include="..\..\..\gen\src\TestImplies_Chain_Low_Area_ToHigh_Content_ToMiddle_Content_.cpp">
      <Filter>ソース ファイル</Filter>
    </ClCompile>
    <ClCompile Include="..\..\..\gen\src\TestImplies_Chain_Low_Area_ToMiddle_Content_ToHigh_Content_.cpp">
      <Filter>ソース ファイル</Filter>
    </ClCompile>
    <ClCompile Include="..\..\..\gen\src\TestImplies_Chain_Middle_Area_ToHigh_Content_ToLow_Content_.cpp">
      <Filter>ソース ファイル</Filter>
    </ClCompile>
    <ClCompile Include="..\..\..\gen\src\TestImplies_Chain_Middle_Area_ToLow_Content_ToHigh_Content_.cpp">
      <Filter>ソース ファイル</Filter>
    </ClCompile>
    <ClCompile Include="..\..\..\gen\src\TestImplies_Content_HighToLow.cpp">
      <Filter>ソース ファイル</Filter>
    </ClCompile>
    <ClCompile Include="..\..\..\gen\src\TestImplies_Content_HighToLow_Area_.cpp">
      <Filter>ソース ファイル</Filter>
    </ClCompile>
    <ClCompile Include="..\..\..\gen\src\TestImplies_Content_LowToHigh.cpp">
      <Filter>ソース ファイル</Filter>
    </ClCompile>
    <ClCompile Include="..\..\..\gen\src\TestImplies_Content_LowToHigh_Area_.cpp">
      <Filter>ソース ファイル</Filter>
    </ClCompile>
    <ClCompile Include="..\..\..\gen\src\TestImplies_Cycle_High_Area_ToLow_Area_ToLow_Content_ToHigh_Content_.cpp">
      <Filter>ソース ファイル</Filter>
    </ClCompile>
    <ClCompile Include="..\..\..\gen\src\TestImplies_Cycle_Low_Area_ToHigh_Area_ToHigh_Content_ToLow_Content_.cpp">
      <Filter>ソース ファイル</Filter>
    </ClCompile>
    <ClCompile Include="..\..\..\gen\src\TestImplies_MiddleNotDisplay_LowAndHighNotDisplay.cpp">
      <Filter>ソース ファイル</Filter>
    </ClCompile>
    <ClCompile Include="..\..\..\gen\src\TestImplies_MiddleNotVisible_LowAndHighNotVisible.cpp">
      <Filter>ソース ファイル</Filter>
    </ClCompile>
    <ClCompile Include="..\..\..\gen\src\TestImplies_MultiArea_Area_HighToLow.cpp">
      <Filter>ソース ファイル</Filter>
    </ClCompile>
    <ClCompile Include="..\..\..\gen\src\TestImplies_MultiArea_Area_HighToMiddle.cpp">
      <Filter>ソース ファイル</Filter>
    </ClCompile>
    <ClCompile Include="..\..\..\gen\src\TestImplies_MultiArea_Area_HighToMiddle_Content_.cpp">
      <Filter>ソース ファイル</Filter>
    </ClCompile>
    <ClCompile Include="..\..\..\gen\src\TestImplies_MultiArea_Area_LowToHigh.cpp">
      <Filter>ソース ファイル</Filter>
    </ClCompile>
    <ClCompile Include="..\..\..\gen\src\TestImplies_MultiArea_Area_LowToMiddle.cpp">
      <Filter>ソース ファイル</Filter>
    </ClCompile>
    <ClCompile Include="..\..\..\gen\src\TestImplies_MultiArea_Area_MiddleToHigh.cpp">
      <Filter>ソース ファイル</Filter>
    </ClCompile>
    <ClCompile Include="..\..\..\gen\src\TestImplies_MultiArea_Area_MiddleToHigh_Content_.cpp">
      <Filter>ソース ファイル</Filter>
    </ClCompile>
    <ClCompile Include="..\..\..\gen\src\TestImplies_MultiArea_Area_MiddleToLow.cpp">
      <Filter>ソース ファイル</Filter>
    </ClCompile>
    <ClCompile Include="..\..\..\gen\src\TestImplies_OR_Area_High_or_LowToMiddle.cpp">
      <Filter>ソース ファイル</Filter>
    </ClCompile>
    <ClCompile Include="..\..\..\gen\src\TestImplies_OR_Area_High_or_MiddleToLow.cpp">
      <Filter>ソース ファイル</Filter>
    </ClCompile>
    <ClCompile Include="..\..\..\gen\src\TestImplies_OR_Area_HighTo_Middle_or_Low.cpp">
      <Filter>ソース ファイル</Filter>
    </ClCompile>
    <ClCompile Include="..\..\..\gen\src\TestImplies_OR_Area_LowTo_High_or_Middle.cpp">
      <Filter>ソース ファイル</Filter>
    </ClCompile>
    <ClCompile Include="..\..\..\gen\src\TestImplies_OR_Area_Middle_or_LowToHigh.cpp">
      <Filter>ソース ファイル</Filter>
    </ClCompile>
    <ClCompile Include="..\..\..\gen\src\TestImplies_OR_Area_MiddleTo_High_or_Low.cpp">
      <Filter>ソース ファイル</Filter>
    </ClCompile>
    <ClCompile Include="..\..\..\gen\src\TestImplies_reftStatic_notRearbitration.cpp">
      <Filter>ソース ファイル</Filter>
    </ClCompile>
    <ClCompile Include="..\..\..\gen\src\TestImpliesOperator.cpp">
      <Filter>ソース ファイル</Filter>
    </ClCompile>
    <ClCompile Include="..\..\..\gen\src\TestImpliesOperator_Exists_For_All.cpp">
      <Filter>ソース ファイル</Filter>
    </ClCompile>
    <ClCompile Include="..\..\..\gen\src\TestImpliesOperator_For_All_IfStatement.cpp">
      <Filter>ソース ファイル</Filter>
    </ClCompile>
    <ClCompile Include="..\..\..\gen\src\TestImpliesOperator_IfStatement_Exists.cpp">
      <Filter>ソース ファイル</Filter>
    </ClCompile>
    <ClCompile Include="..\..\..\gen\src\TestImpliesOperator_Revisit.cpp">
      <Filter>ソース ファイル</Filter>
    </ClCompile>
    <ClCompile Include="..\..\..\gen\src\TestIsActive.cpp">
      <Filter>ソース ファイル</Filter>
    </ClCompile>
    <ClCompile Include="..\..\..\gen\src\TestIsActive_Sound_.cpp">
      <Filter>ソース ファイル</Filter>
    </ClCompile>
    <ClCompile Include="..\..\..\gen\src\TestIsAttenuated.cpp">
      <Filter>ソース ファイル</Filter>
    </ClCompile>
    <ClCompile Include="..\..\..\gen\src\TestIsDisplayed.cpp">
      <Filter>ソース ファイル</Filter>
    </ClCompile>
    <ClCompile Include="..\..\..\gen\src\TestIsEqualToOperator.cpp">
      <Filter>ソース ファイル</Filter>
    </ClCompile>
    <ClCompile Include="..\..\..\gen\src\TestIsGreaterThanEqualOperator.cpp">
      <Filter>ソース ファイル</Filter>
    </ClCompile>
    <ClCompile Include="..\..\..\gen\src\TestIsGreaterThanOperator.cpp">
      <Filter>ソース ファイル</Filter>
    </ClCompile>
    <ClCompile Include="..\..\..\gen\src\TestIsHidden.cpp">
      <Filter>ソース ファイル</Filter>
    </ClCompile>
    <ClCompile Include="..\..\..\gen\src\TestIsHidden_Chain.cpp">
      <Filter>ソース ファイル</Filter>
    </ClCompile>
    <ClCompile Include="..\..\..\gen\src\TestIsHidden_contentValue.cpp">
      <Filter>ソース ファイル</Filter>
    </ClCompile>
    <ClCompile Include="..\..\..\gen\src\TestIsHidden_pre_.cpp">
      <Filter>ソース ファイル</Filter>
    </ClCompile>
    <ClCompile Include="..\..\..\gen\src\TestIsLowerThanEqualOperator.cpp">
      <Filter>ソース ファイル</Filter>
    </ClCompile>
    <ClCompile Include="..\..\..\gen\src\TestIsLowerThanOperator.cpp">
      <Filter>ソース ファイル</Filter>
    </ClCompile>
    <ClCompile Include="..\..\..\gen\src\TestIsMuted.cpp">
      <Filter>ソース ファイル</Filter>
    </ClCompile>
    <ClCompile Include="..\..\..\gen\src\TestIsOutputted.cpp">
      <Filter>ソース ファイル</Filter>
    </ClCompile>
    <ClCompile Include="..\..\..\gen\src\TestIsSounding.cpp">
      <Filter>ソース ファイル</Filter>
    </ClCompile>
    <ClCompile Include="..\..\..\gen\src\TestIsVisible.cpp">
      <Filter>ソース ファイル</Filter>
    </ClCompile>
    <ClCompile Include="..\..\..\gen\src\TestNotOperator.cpp">
      <Filter>ソース ファイル</Filter>
    </ClCompile>
    <ClCompile Include="..\..\..\gen\src\TestObjectCompare.cpp">
      <Filter>ソース ファイル</Filter>
    </ClCompile>
    <ClCompile Include="..\..\..\gen\src\TestOrOperator.cpp">
      <Filter>ソース ファイル</Filter>
    </ClCompile>
    <ClCompile Include="..\..\..\gen\src\TestOutputtingSound.cpp">
      <Filter>ソース ファイル</Filter>
    </ClCompile>
    <ClCompile Include="..\..\..\gen\src\TestOutputtingSound_Defeats.cpp">
      <Filter>ソース ファイル</Filter>
    </ClCompile>
    <ClCompile Include="..\..\..\gen\src\TestOutputtingSound_isActive.cpp">
      <Filter>ソース ファイル</Filter>
    </ClCompile>
    <ClCompile Include="..\..\..\gen\src\TestOutputtingSound_IsDefeatedBy.cpp">
      <Filter>ソース ファイル</Filter>
    </ClCompile>
    <ClCompile Include="..\..\..\gen\src\TestOutputtingSound_IsDisappeared_IsCanceled.cpp">
      <Filter>ソース ファイル</Filter>
    </ClCompile>
    <ClCompile Include="..\..\..\gen\src\TestOutputtingSound_IsSounding.cpp">
      <Filter>ソース ファイル</Filter>
    </ClCompile>
    <ClCompile Include="..\..\..\gen\src\TestPostConstraint_Contradiction_LoserType.cpp">
      <Filter>ソース ファイル</Filter>
    </ClCompile>
    <ClCompile Include="..\..\..\gen\src\TestPostConstraint_Contradiction_LoserType_Sound.cpp">
      <Filter>ソース ファイル</Filter>
    </ClCompile>
    <ClCompile Include="..\..\..\gen\src\TestPostConstraint_Defeats_AnotherArea_IsCanceled.cpp">
      <Filter>ソース ファイル</Filter>
    </ClCompile>
    <ClCompile Include="..\..\..\gen\src\TestPostConstraint_Defeats_AnotherArea_NotIsCanceled.cpp">
      <Filter>ソース ファイル</Filter>
    </ClCompile>
    <ClCompile Include="..\..\..\gen\src\TestPostConstraint_Defeats_AnotherZone_IsCanceled_Sound.cpp">
      <Filter>ソース ファイル</Filter>
    </ClCompile>
    <ClCompile Include="..\..\..\gen\src\TestPostConstraint_Defeats_AnotherZone_NotIsCanceled_Sound.cpp">
      <Filter>ソース ファイル</Filter>
    </ClCompile>
    <ClCompile Include="..\..\..\gen\src\TestPostConstraint_defeats_IsCanceled.cpp">
      <Filter>ソース ファイル</Filter>
    </ClCompile>
    <ClCompile Include="..\..\..\gen\src\TestPostConstraint_defeats_IsCanceled_Sound.cpp">
      <Filter>ソース ファイル</Filter>
    </ClCompile>
    <ClCompile Include="..\..\..\gen\src\TestPostConstraint_defeats_NotIsCanceled.cpp">
      <Filter>ソース ファイル</Filter>
    </ClCompile>
    <ClCompile Include="..\..\..\gen\src\TestPostConstraint_defeats_NotIsCanceled_Sound.cpp">
      <Filter>ソース ファイル</Filter>
    </ClCompile>
    <ClCompile Include="..\..\..\gen\src\TestPostConstraint_IsDefeatedBy_AnotherArea_IsCanceled.cpp">
      <Filter>ソース ファイル</Filter>
    </ClCompile>
    <ClCompile Include="..\..\..\gen\src\TestPostConstraint_IsDefeatedBy_AnotherArea_NotIsCanceled.cpp">
      <Filter>ソース ファイル</Filter>
    </ClCompile>
    <ClCompile Include="..\..\..\gen\src\TestPostConstraint_IsDefeatedBy_AnotherZone_IsCanceled_Sound.cpp">
      <Filter>ソース ファイル</Filter>
    </ClCompile>
    <ClCompile Include="..\..\..\gen\src\TestPostConstraint_IsDefeatedBy_AnotherZone_NotIsCanceled_Sound.cpp">
      <Filter>ソース ファイル</Filter>
    </ClCompile>
    <ClCompile Include="..\..\..\gen\src\TestPostConstraint_IsDefeatedBy_IsCanceled.cpp">
      <Filter>ソース ファイル</Filter>
    </ClCompile>
    <ClCompile Include="..\..\..\gen\src\TestPostConstraint_IsDefeatedBy_IsCanceled_Sound.cpp">
      <Filter>ソース ファイル</Filter>
    </ClCompile>
    <ClCompile Include="..\..\..\gen\src\TestPostConstraint_IsDefeatedBy_NotIsCanceled.cpp">
      <Filter>ソース ファイル</Filter>
    </ClCompile>
    <ClCompile Include="..\..\..\gen\src\TestPostConstraint_IsDefeatedBy_NotIsCanceled_Sound.cpp">
      <Filter>ソース ファイル</Filter>
    </ClCompile>
    <ClCompile Include="..\..\..\gen\src\TestPostConstraint_IsDisappeared_IsCanceled.cpp">
      <Filter>ソース ファイル</Filter>
    </ClCompile>
    <ClCompile Include="..\..\..\gen\src\TestPostConstraint_IsDisappeared_IsCanceled_Sound.cpp">
      <Filter>ソース ファイル</Filter>
    </ClCompile>
    <ClCompile Include="..\..\..\gen\src\TestPostConstraint_IsDisappeared_NotIsCanceled.cpp">
      <Filter>ソース ファイル</Filter>
    </ClCompile>
    <ClCompile Include="..\..\..\gen\src\TestPostConstraint_IsDisappeared_NotIsCanceled_Sound.cpp">
      <Filter>ソース ファイル</Filter>
    </ClCompile>
    <ClCompile Include="..\..\..\gen\src\TestPostConstraint_LoserType.cpp">
      <Filter>ソース ファイル</Filter>
    </ClCompile>
    <ClCompile Include="..\..\..\gen\src\TestPostConstraint_LoserType_InvisibleToInvisible.cpp">
      <Filter>ソース ファイル</Filter>
    </ClCompile>
    <ClCompile Include="..\..\..\gen\src\TestPostConstraint_LoserType_NotsoundingToNotsounding.cpp">
      <Filter>ソース ファイル</Filter>
    </ClCompile>
    <ClCompile Include="..\..\..\gen\src\TestPostConstraint_LoserType_Sound.cpp">
      <Filter>ソース ファイル</Filter>
    </ClCompile>
    <ClCompile Include="..\..\..\gen\src\TestPreviousModifier_AllocatedContent.cpp">
      <Filter>ソース ファイル</Filter>
    </ClCompile>
    <ClCompile Include="..\..\..\gen\src\TestPreviousModifier_AllocatedContent_Sound_.cpp">
      <Filter>ソース ファイル</Filter>
    </ClCompile>
    <ClCompile Include="..\..\..\gen\src\TestPreviousModifier_ContentValue.cpp">
      <Filter>ソース ファイル</Filter>
    </ClCompile>
    <ClCompile Include="..\..\..\gen\src\TestPreviousModifier_ContentValue_Sound_.cpp">
      <Filter>ソース ファイル</Filter>
    </ClCompile>
    <ClCompile Include="..\..\..\gen\src\TestPreviousModifier_DisplayingContent.cpp">
      <Filter>ソース ファイル</Filter>
    </ClCompile>
    <ClCompile Include="..\..\..\gen\src\TestPreviousModifier_IsActive.cpp">
      <Filter>ソース ファイル</Filter>
    </ClCompile>
    <ClCompile Include="..\..\..\gen\src\TestPreviousModifier_IsActive_canceled.cpp">
      <Filter>ソース ファイル</Filter>
    </ClCompile>
    <ClCompile Include="..\..\..\gen\src\TestPreviousModifier_IsActive_Sound_.cpp">
      <Filter>ソース ファイル</Filter>
    </ClCompile>
    <ClCompile Include="..\..\..\gen\src\TestPreviousModifier_IsAttenuated.cpp">
      <Filter>ソース ファイル</Filter>
    </ClCompile>
    <ClCompile Include="..\..\..\gen\src\TestPreviousModifier_IsDisplayed.cpp">
      <Filter>ソース ファイル</Filter>
    </ClCompile>
    <ClCompile Include="..\..\..\gen\src\TestPreviousModifier_IsMuted.cpp">
      <Filter>ソース ファイル</Filter>
    </ClCompile>
    <ClCompile Include="..\..\..\gen\src\TestPreviousModifier_IsOn.cpp">
      <Filter>ソース ファイル</Filter>
    </ClCompile>
    <ClCompile Include="..\..\..\gen\src\TestPreviousModifier_IsOutputted.cpp">
      <Filter>ソース ファイル</Filter>
    </ClCompile>
    <ClCompile Include="..\..\..\gen\src\TestPreviousModifier_IsSounding.cpp">
      <Filter>ソース ファイル</Filter>
    </ClCompile>
    <ClCompile Include="..\..\..\gen\src\TestPreviousModifier_IsVisible.cpp">
      <Filter>ソース ファイル</Filter>
    </ClCompile>
    <ClCompile Include="..\..\..\gen\src\TestPreviousModifier_OutputtingSound.cpp">
      <Filter>ソース ファイル</Filter>
    </ClCompile>
    <ClCompile Include="..\..\..\gen\src\TestPriority.cpp">
      <Filter>ソース ファイル</Filter>
    </ClCompile>
    <ClCompile Include="..\..\..\gen\src\TestPriority_Sound_.cpp">
      <Filter>ソース ファイル</Filter>
    </ClCompile>
    <ClCompile Include="..\..\..\gen\src\TestRule_Conflict.cpp">
      <Filter>ソース ファイル</Filter>
    </ClCompile>
    <ClCompile Include="..\..\..\gen\src\TestRule_GetSetProperty.cpp">
      <Filter>ソース ファイル</Filter>
    </ClCompile>
    <ClCompile Include="..\..\..\gen\src\TestRule_IfAction.cpp">
      <Filter>ソース ファイル</Filter>
    </ClCompile>
    <ClCompile Include="..\..\..\gen\src\TestRule_IfAction_nest.cpp">
      <Filter>ソース ファイル</Filter>
    </ClCompile>
    <ClCompile Include="..\..\..\gen\src\TestRule_IFTHENELSE.cpp">
      <Filter>ソース ファイル</Filter>
    </ClCompile>
    <ClCompile Include="..\..\..\gen\src\TestRule_IFTHENELSE_nest.cpp">
      <Filter>ソース ファイル</Filter>
    </ClCompile>
    <ClCompile Include="..\..\..\gen\src\Testsample.cpp">
      <Filter>ソース ファイル</Filter>
    </ClCompile>
    <ClCompile Include="..\..\..\gen\src\TestSetOfOperator_Area.cpp">
      <Filter>ソース ファイル</Filter>
    </ClCompile>
    <ClCompile Include="..\..\..\gen\src\TestSetOfOperator_AreaSet.cpp">
      <Filter>ソース ファイル</Filter>
    </ClCompile>
    <ClCompile Include="..\..\..\gen\src\TestSetOfOperator_AreaSet_Area.cpp">
      <Filter>ソース ファイル</Filter>
    </ClCompile>
    <ClCompile Include="..\..\..\gen\src\TestSetOfOperator_Content.cpp">
      <Filter>ソース ファイル</Filter>
    </ClCompile>
    <ClCompile Include="..\..\..\gen\src\TestSetOfOperator_ContentSet.cpp">
      <Filter>ソース ファイル</Filter>
    </ClCompile>
    <ClCompile Include="..\..\..\gen\src\TestSetOfOperator_ContentSet_Content.cpp">
      <Filter>ソース ファイル</Filter>
    </ClCompile>
    <ClCompile Include="..\..\..\gen\src\TestSetOfOperator_SoundContent.cpp">
      <Filter>ソース ファイル</Filter>
    </ClCompile>
    <ClCompile Include="..\..\..\gen\src\TestSetOfOperator_SoundContentSet.cpp">
      <Filter>ソース ファイル</Filter>
    </ClCompile>
    <ClCompile Include="..\..\..\gen\src\TestSetOfOperator_SoundContentSet_SoundContent.cpp">
      <Filter>ソース ファイル</Filter>
    </ClCompile>
    <ClCompile Include="..\..\..\gen\src\TestSetOfOperator_Zone.cpp">
      <Filter>ソース ファイル</Filter>
    </ClCompile>
    <ClCompile Include="..\..\..\gen\src\TestSetOfOperator_ZoneSet.cpp">
      <Filter>ソース ファイル</Filter>
    </ClCompile>
    <ClCompile Include="..\..\..\gen\src\TestSetOfOperator_ZoneSet_Zone.cpp">
      <Filter>ソース ファイル</Filter>
    </ClCompile>
    <ClCompile Include="..\..\..\gen\src\TestSetResultContentState_AreaZoneConstraint.cpp">
      <Filter>ソース ファイル</Filter>
    </ClCompile>
    <ClCompile Include="..\..\..\gen\src\TestSetResultContentState_ContentConstraint.cpp">
      <Filter>ソース ファイル</Filter>
    </ClCompile>
    <ClCompile Include="..\..\..\gen\src\TestSetSceneProperties.cpp">
      <Filter>ソース ファイル</Filter>
    </ClCompile>
    <ClCompile Include="..\..\..\gen\src\TestSetSceneProperty.cpp">
      <Filter>ソース ファイル</Filter>
    </ClCompile>
    <ClCompile Include="..\..\..\gen\src\TestSimpleViewAction.cpp">
      <Filter>ソース ファイル</Filter>
    </ClCompile>
    <ClCompile Include="..\..\..\gen\src\TestSound_reArbitration_View.cpp">
      <Filter>ソース ファイル</Filter>
    </ClCompile>
    <ClCompile Include="..\..\..\gen\src\TestSwapElementByZorder.cpp">
      <Filter>ソース ファイル</Filter>
    </ClCompile>
    <ClCompile Include="..\..\..\gen\src\Testsynchronize_View_Sound.cpp">
      <Filter>ソース ファイル</Filter>
    </ClCompile>
    <ClCompile Include="..\..\..\gen\src\TestHasComeEarlierThan.cpp">
      <Filter>ソース ファイル</Filter>
    </ClCompile>
    <ClCompile Include="..\..\..\gen\src\TestHasComeLaterThan.cpp">
      <Filter>ソース ファイル</Filter>
    </ClCompile>
    <ClCompile Include="..\..\..\gen\src\TestStateValue.cpp">
      <Filter>ソース ファイル</Filter>
    </ClCompile>
    <ClCompile Include="..\..\..\gen\src\TestHasComeEarlierThan.cpp">
      <Filter>ソース ファイル</Filter>
    </ClCompile>
    <ClCompile Include="..\..\..\gen\src\TestHasComeLaterThan.cpp">
      <Filter>ソース ファイル</Filter>
    </ClCompile>
    <ClCompile Include="..\..\..\gen\src\TestStateValue.cpp">
      <Filter>ソース ファイル</Filter>
    </ClCompile>
    <ClCompile Include="..\..\..\gen\src\HA589_Log.cpp">
      <Filter>ソース ファイル</Filter>
    </ClCompile>
    <ClCompile Include="..\..\..\gen\src\TestForAllOfImplicationRhs.cpp">
      <Filter>ソース ファイル</Filter>
    </ClCompile>
    <ClCompile Include="..\..\..\gen\src\TestgetEventReactor.cpp">
      <Filter>ソース ファイル</Filter>
    </ClCompile>
    <ClCompile Include="..\..\..\gen\src\TestgetSizes.cpp">
      <Filter>ソース ファイル</Filter>
    </ClCompile>
    <ClCompile Include="..\..\..\gen\src\HA560_ChangeableAreaSet.cpp">
      <Filter>ソース ファイル</Filter>
    </ClCompile>
    <ClCompile Include="..\..\..\gen\src\HA561_isHiddenAtNullContent.cpp">
      <Filter>ソース ファイル</Filter>
    </ClCompile>
    <ClCompile Include="..\..\..\gen\src\TestHasComeEarlierThan_DifferentArea.cpp">
      <Filter>ソース ファイル</Filter>
    </ClCompile>
    <ClCompile Include="..\..\..\gen\src\TestHasComeEarlierThan_DifferentArea2.cpp">
      <Filter>ソース ファイル</Filter>
    </ClCompile>
    <ClCompile Include="..\..\..\gen\src\TestHasComeEarlierThan_SameArea.cpp">
      <Filter>ソース ファイル</Filter>
    </ClCompile>
    <ClCompile Include="..\..\..\gen\src\TestHasComeEarlierThan_Usecase.cpp">
      <Filter>ソース ファイル</Filter>
    </ClCompile>
    <ClCompile Include="..\..\..\gen\src\TestHasComeLaterThan_DifferentArea.cpp">
      <Filter>ソース ファイル</Filter>
    </ClCompile>
    <ClCompile Include="..\..\..\gen\src\TestHasComeLaterThan_DifferentArea2.cpp">
      <Filter>ソース ファイル</Filter>
    </ClCompile>
    <ClCompile Include="..\..\..\gen\src\TestHasComeLaterThan_SameArea.cpp">
      <Filter>ソース ファイル</Filter>
    </ClCompile>
    <ClCompile Include="..\..\..\gen\src\TestHasComeLaterThan_Usecase.cpp">
      <Filter>ソース ファイル</Filter>
    </ClCompile>
    <ClCompile Include="..\..\..\gen\src\TestIfStatement_Else_Implies_High_Area_ToLow_Area_.cpp">
      <Filter>ソース ファイル</Filter>
    </ClCompile>
    <ClCompile Include="..\..\..\gen\src\TestIfStatement_Else_Implies_High_Area_ToLow_Content_.cpp">
      <Filter>ソース ファイル</Filter>
    </ClCompile>
    <ClCompile Include="..\..\..\gen\src\TestIfStatement_Else_Implies_High_Content_ToLow_Area_.cpp">
      <Filter>ソース ファイル</Filter>
    </ClCompile>
    <ClCompile Include="..\..\..\gen\src\TestIfStatement_Else_Implies_High_Content_ToLow_Content_.cpp">
      <Filter>ソース ファイル</Filter>
    </ClCompile>
    <ClCompile Include="..\..\..\gen\src\TestIfStatement_Else_Implies_Low_Area_ToHigh_Area_.cpp">
      <Filter>ソース ファイル</Filter>
    </ClCompile>
    <ClCompile Include="..\..\..\gen\src\TestIfStatement_Else_Implies_Low_Area_ToHigh_Content_.cpp">
      <Filter>ソース ファイル</Filter>
    </ClCompile>
    <ClCompile Include="..\..\..\gen\src\TestIfStatement_Else_Implies_Low_Content_ToHigh_Area_.cpp">
      <Filter>ソース ファイル</Filter>
    </ClCompile>
    <ClCompile Include="..\..\..\gen\src\TestIfStatement_Else_Implies_Low_Content_ToHigh_Content_.cpp">
      <Filter>ソース ファイル</Filter>
    </ClCompile>
    <ClCompile Include="..\..\..\gen\src\TestIfStatement_Then_Implies_High_Area_ToLow_Area_.cpp">
      <Filter>ソース ファイル</Filter>
    </ClCompile>
    <ClCompile Include="..\..\..\gen\src\TestIfStatement_Then_Implies_High_Area_ToLow_Content_.cpp">
      <Filter>ソース ファイル</Filter>
    </ClCompile>
    <ClCompile Include="..\..\..\gen\src\TestIfStatement_Then_Implies_High_Content_ToLow_Area_.cpp">
      <Filter>ソース ファイル</Filter>
    </ClCompile>
    <ClCompile Include="..\..\..\gen\src\TestIfStatement_Then_Implies_High_Content_ToLow_Content_.cpp">
      <Filter>ソース ファイル</Filter>
    </ClCompile>
    <ClCompile Include="..\..\..\gen\src\TestIfStatement_Then_Implies_Low_Area_ToHigh_Area_.cpp">
      <Filter>ソース ファイル</Filter>
    </ClCompile>
    <ClCompile Include="..\..\..\gen\src\TestIfStatement_Then_Implies_Low_Area_ToHigh_Content_.cpp">
      <Filter>ソース ファイル</Filter>
    </ClCompile>
    <ClCompile Include="..\..\..\gen\src\TestIfStatement_Then_Implies_Low_Content_ToHigh_Area_.cpp">
      <Filter>ソース ファイル</Filter>
    </ClCompile>
    <ClCompile Include="..\..\..\gen\src\TestIfStatement_Then_Implies_Low_Content_ToHigh_Content_.cpp">
      <Filter>ソース ファイル</Filter>
    </ClCompile>
    <ClCompile Include="..\..\..\gen\src\TestStateValue_skip.cpp">
      <Filter>ソース ファイル</Filter>
    </ClCompile>
    <ClCompile Include="..\..\..\gen\src\TestStateValue_Usecase.cpp">
      <Filter>ソース ファイル</Filter>
    </ClCompile>
    <ClCompile Include="..\..\..\gen\src\HA412_Log_control.cpp">
      <Filter>ソース ファイル</Filter>
    </ClCompile>
    <ClCompile Include="..\..\..\gen\src\HA588_jsoncheck.cpp">
      <Filter>ソース ファイル</Filter>
    </ClCompile>
    <ClCompile Include="..\..\..\gen\src\HA672_getprop.cpp">
      <Filter>ソース ファイル</Filter>
    </ClCompile>
    <ClCompile Include="..\..\..\gen\src\HA678_Result_IsSounding.cpp">
      <Filter>ソース ファイル</Filter>
    </ClCompile>
    <ClCompile Include="..\..\..\gen\src\HA678_Result_IsVisible.cpp">
      <Filter>ソース ファイル</Filter>
    </ClCompile>
    <ClCompile Include="..\..\..\gen\src\HA696_Log_NoConstraints.cpp">
      <Filter>ソース ファイル</Filter>
    </ClCompile>
    <ClCompile Include="..\..\..\gen\src\HA719_factory.cpp">
      <Filter>ソース ファイル</Filter>
    </ClCompile>
    <ClCompile Include="..\..\..\gen\src\HA725_action.cpp">
      <Filter>ソース ファイル</Filter>
    </ClCompile>
    <ClCompile Include="..\..\..\gen\src\HA729_hierarchy.cpp">
      <Filter>ソース ファイル</Filter>
    </ClCompile>
    <ClCompile Include="..\..\..\gen\src\TestContentValue_AllocatableException.cpp">
      <Filter>ソース ファイル</Filter>
    </ClCompile>
    <ClCompile Include="..\..\..\gen\src\Testexecute_list.cpp">
      <Filter>ソース ファイル</Filter>
    </ClCompile>
    <ClCompile Include="..\..\..\gen\src\TestExistsOfImplicationRhs.cpp">
      <Filter>ソース ファイル</Filter>
    </ClCompile>
    <ClCompile Include="..\..\..\gen\src\TestgetContents_Area.cpp">
      <Filter>ソース ファイル</Filter>
    </ClCompile>
    <ClCompile Include="..\..\..\gen\src\TestgetTargets_AreaSet.cpp">
      <Filter>ソース ファイル</Filter>
    </ClCompile>
    <ClCompile Include="..\..\..\gen\src\TestgetTargets_ViewContentSet.cpp">
      <Filter>ソース ファイル</Filter>
    </ClCompile>
    <ClCompile Include="..\..\..\gen\src\HA497_DisplayingContentImpl.cpp">
      <Filter>ソース ファイル</Filter>
    </ClCompile>
    <ClCompile Include="..\..\..\gen\src\HA578_bugfix.cpp">
      <Filter>ソース ファイル</Filter>
    </ClCompile>
    <ClCompile Include="..\..\..\gen\src\HA604_bugfix.cpp">
      <Filter>ソース ファイル</Filter>
    </ClCompile>
    <ClCompile Include="..\..\..\gen\src\HA605_bugfix.cpp">
      <Filter>ソース ファイル</Filter>
    </ClCompile>
    <ClCompile Include="..\..\..\gen\src\Testinitialize.cpp">
      <Filter>ソース ファイル</Filter>
    </ClCompile>
    <ClCompile Include="..\..\..\gen\src\TestPostConstraint_defeats_LoserContentStateIsNotActive.cpp">
      <Filter>ソース ファイル</Filter>
    </ClCompile>
    <ClCompile Include="..\..\..\gen\src\TestPostConstraint_IsDefeatedBy_WinnerContentAllocatableIsHidden.cpp">
      <Filter>ソース ファイル</Filter>
    </ClCompile>
    <ClCompile Include="..\..\..\gen\src\TestRemoveContentByMove.cpp">
      <Filter>ソース ファイル</Filter>
    </ClCompile>
    <ClCompile Include="..\..\..\gen\src\TestSetResultContentState_UnknownContext.cpp">
      <Filter>ソース ファイル</Filter>
    </ClCompile>
    <ClCompile Include="..\..\..\gen\src\TestXOR_ReArbitration.cpp">
      <Filter>ソース ファイル</Filter>
    </ClCompile>
  </ItemGroup>
</Project>